{
    "api-platform/core": {
        "version": "2.5",
        "recipe": {
            "repo": "github.com/symfony/recipes",
            "branch": "master",
            "version": "2.5",
            "ref": "a93061567140e386f107be75340ac2aee3f86cbf"
        },
        "files": [
            "config/packages/api_platform.yaml",
            "config/routes/api_platform.yaml",
            "src/Entity/.gitignore"
        ]
    },
    "fig/link-util": {
        "version": "1.1.1"
    },
    "friendsofsymfony/rest-bundle": {
        "version": "2.2",
        "recipe": {
            "repo": "github.com/symfony/recipes-contrib",
            "branch": "master",
            "version": "2.2",
            "ref": "cad41ef93d6150067ae2bb3c7fd729492dff6f0a"
        },
        "files": [
            "config/packages/fos_rest.yaml"
        ]
    },
    "gesdinet/jwt-refresh-token-bundle": {
        "version": "v0.9.1"
    },
    "lcobucci/jwt": {
        "version": "3.4.2"
    },
    "lexik/jwt-authentication-bundle": {
        "version": "2.5",
        "recipe": {
            "repo": "github.com/symfony/recipes",
            "branch": "master",
            "version": "2.5",
            "ref": "5b2157bcd5778166a5696e42f552ad36529a07a6"
        },
        "files": [
            "config/packages/lexik_jwt_authentication.yaml"
        ]
    },
    "namshi/jose": {
        "version": "7.2.3"
    },
    "php": {
        "version": "7.2"
    },
    "tecnickcom/tcpdf": {
        "version": "6.2.26"
    },
    "willdurand/jsonp-callback-validator": {
        "version": "v1.1.0"
    },
    "willdurand/negotiation": {
        "version": "v2.3.1"
    }
}
